
Microsoft Visual Studio Solution File, Format Version 12.00
# Visual Studio 15
VisualStudioVersion = 15.0.27703.2035
MinimumVisualStudioVersion = 10.0.40219.1
Project("{FAE04EC0-301F-11D3-BF4B-00C04F79EFBC}") = "HelloWorld", "HelloWorld\HelloWorld.csproj", "{816A6610-4AFD-4355-89DD-A9F99EFC6029}"
EndProject
Project("{FAE04EC0-301F-11D3-BF4B-00C04F79EFBC}") = "HelloWorldTests", "HelloWorldTests\HelloWorldTests.csproj", "{AAB15C8E-7789-4EB1-AB2B-119BCA3F4D69}"
EndProject
Global
	GlobalSection(SolutionConfigurationPlatforms) = preSolution
		Debug|Any CPU = Debug|Any CPU
		Release|Any CPU = Release|Any CPU
	EndGlobalSection
	GlobalSection(ProjectConfigurationPlatforms) = postSolution
		{816A6610-4AFD-4355-89DD-A9F99EFC6029}.Debug|Any CPU.ActiveCfg = Debug|Any CPU
		{816A6610-4AFD-4355-89DD-A9F99EFC6029}.Debug|Any CPU.Build.0 = Debug|Any CPU
		{816A6610-4AFD-4355-89DD-A9F99EFC6029}.Release|Any CPU.ActiveCfg = Release|Any CPU
		{816A6610-4AFD-4355-89DD-A9F99EFC6029}.Release|Any CPU.Build.0 = Release|Any CPU
		{AAB15C8E-7789-4EB1-AB2B-119BCA3F4D69}.Debug|Any CPU.ActiveCfg = Debug|Any CPU
		{AAB15C8E-7789-4EB1-AB2B-119BCA3F4D69}.Debug|Any CPU.Build.0 = Debug|Any CPU
		{AAB15C8E-7789-4EB1-AB2B-119BCA3F4D69}.Release|Any CPU.ActiveCfg = Release|Any CPU
		{AAB15C8E-7789-4EB1-AB2B-119BCA3F4D69}.Release|Any CPU.Build.0 = Release|Any CPU
	EndGlobalSection
	GlobalSection(SolutionProperties) = preSolution
		HideSolutionNode = FALSE
	EndGlobalSection
	GlobalSection(ExtensibilityGlobals) = postSolution
		SolutionGuid = {73BBD2D1-84DF-420D-9416-C9E4848751C6}
	EndGlobalSection
EndGlobal
